
Microsoft Visual Studio Solution File, Format Version 12.00
# Visual Studio 15
VisualStudioVersion = 15.0.26124.0
MinimumVisualStudioVersion = 15.0.26124.0
Project("{FAE04EC0-301F-11D3-BF4B-00C04F79EFBC}") = "TestFrontEnd", "TestFrontEnd\TestFrontEnd.csproj", "{9E61F6A4-38F7-4132-992E-9E6464BF9CE6}"
EndProject
Project("{FAE04EC0-301F-11D3-BF4B-00C04F79EFBC}") = "Microsoft.CommonLib", "Microsoft.CommonLib\Microsoft.CommonLib.csproj", "{780F7F17-B84C-4ED7-8318-1E75E1618873}"
EndProject
Project("{FAE04EC0-301F-11D3-BF4B-00C04F79EFBC}") = "Microsoft.ConfigReaders", "Microsoft.ConfigReaders\Microsoft.ConfigReaders.csproj", "{839CF0EA-362B-4513-B58A-F0F36EBFCD40}"
EndProject
Global
	GlobalSection(SolutionConfigurationPlatforms) = preSolution
		Debug|Any CPU = Debug|Any CPU
		Debug|x64 = Debug|x64
		Debug|x86 = Debug|x86
		Release|Any CPU = Release|Any CPU
		Release|x64 = Release|x64
		Release|x86 = Release|x86
	EndGlobalSection
	GlobalSection(SolutionProperties) = preSolution
		HideSolutionNode = FALSE
	EndGlobalSection
	GlobalSection(ProjectConfigurationPlatforms) = postSolution
		{9E61F6A4-38F7-4132-992E-9E6464BF9CE6}.Debug|Any CPU.ActiveCfg = Debug|Any CPU
		{9E61F6A4-38F7-4132-992E-9E6464BF9CE6}.Debug|Any CPU.Build.0 = Debug|Any CPU
		{9E61F6A4-38F7-4132-992E-9E6464BF9CE6}.Debug|x64.ActiveCfg = Debug|Any CPU
		{9E61F6A4-38F7-4132-992E-9E6464BF9CE6}.Debug|x64.Build.0 = Debug|Any CPU
		{9E61F6A4-38F7-4132-992E-9E6464BF9CE6}.Debug|x86.ActiveCfg = Debug|Any CPU
		{9E61F6A4-38F7-4132-992E-9E6464BF9CE6}.Debug|x86.Build.0 = Debug|Any CPU
		{9E61F6A4-38F7-4132-992E-9E6464BF9CE6}.Release|Any CPU.ActiveCfg = Release|Any CPU
		{9E61F6A4-38F7-4132-992E-9E6464BF9CE6}.Release|Any CPU.Build.0 = Release|Any CPU
		{9E61F6A4-38F7-4132-992E-9E6464BF9CE6}.Release|x64.ActiveCfg = Release|Any CPU
		{9E61F6A4-38F7-4132-992E-9E6464BF9CE6}.Release|x64.Build.0 = Release|Any CPU
		{9E61F6A4-38F7-4132-992E-9E6464BF9CE6}.Release|x86.ActiveCfg = Release|Any CPU
		{9E61F6A4-38F7-4132-992E-9E6464BF9CE6}.Release|x86.Build.0 = Release|Any CPU
		{780F7F17-B84C-4ED7-8318-1E75E1618873}.Debug|Any CPU.ActiveCfg = Debug|Any CPU
		{780F7F17-B84C-4ED7-8318-1E75E1618873}.Debug|Any CPU.Build.0 = Debug|Any CPU
		{780F7F17-B84C-4ED7-8318-1E75E1618873}.Debug|x64.ActiveCfg = Debug|Any CPU
		{780F7F17-B84C-4ED7-8318-1E75E1618873}.Debug|x64.Build.0 = Debug|Any CPU
		{780F7F17-B84C-4ED7-8318-1E75E1618873}.Debug|x86.ActiveCfg = Debug|Any CPU
		{780F7F17-B84C-4ED7-8318-1E75E1618873}.Debug|x86.Build.0 = Debug|Any CPU
		{780F7F17-B84C-4ED7-8318-1E75E1618873}.Release|Any CPU.ActiveCfg = Release|Any CPU
		{780F7F17-B84C-4ED7-8318-1E75E1618873}.Release|Any CPU.Build.0 = Release|Any CPU
		{780F7F17-B84C-4ED7-8318-1E75E1618873}.Release|x64.ActiveCfg = Release|Any CPU
		{780F7F17-B84C-4ED7-8318-1E75E1618873}.Release|x64.Build.0 = Release|Any CPU
		{780F7F17-B84C-4ED7-8318-1E75E1618873}.Release|x86.ActiveCfg = Release|Any CPU
		{780F7F17-B84C-4ED7-8318-1E75E1618873}.Release|x86.Build.0 = Release|Any CPU
		{839CF0EA-362B-4513-B58A-F0F36EBFCD40}.Debug|Any CPU.ActiveCfg = Debug|Any CPU
		{839CF0EA-362B-4513-B58A-F0F36EBFCD40}.Debug|Any CPU.Build.0 = Debug|Any CPU
		{839CF0EA-362B-4513-B58A-F0F36EBFCD40}.Debug|x64.ActiveCfg = Debug|Any CPU
		{839CF0EA-362B-4513-B58A-F0F36EBFCD40}.Debug|x64.Build.0 = Debug|Any CPU
		{839CF0EA-362B-4513-B58A-F0F36EBFCD40}.Debug|x86.ActiveCfg = Debug|Any CPU
		{839CF0EA-362B-4513-B58A-F0F36EBFCD40}.Debug|x86.Build.0 = Debug|Any CPU
		{839CF0EA-362B-4513-B58A-F0F36EBFCD40}.Release|Any CPU.ActiveCfg = Release|Any CPU
		{839CF0EA-362B-4513-B58A-F0F36EBFCD40}.Release|Any CPU.Build.0 = Release|Any CPU
		{839CF0EA-362B-4513-B58A-F0F36EBFCD40}.Release|x64.ActiveCfg = Release|Any CPU
		{839CF0EA-362B-4513-B58A-F0F36EBFCD40}.Release|x64.Build.0 = Release|Any CPU
		{839CF0EA-362B-4513-B58A-F0F36EBFCD40}.Release|x86.ActiveCfg = Release|Any CPU
		{839CF0EA-362B-4513-B58A-F0F36EBFCD40}.Release|x86.Build.0 = Release|Any CPU
	EndGlobalSection
EndGlobal
